
Microsoft Visual Studio Solution File, Format Version 12.00
# Visual Studio 15
VisualStudioVersion = 15.0.26124.0
MinimumVisualStudioVersion = 15.0.26124.0
Project("{FAE04EC0-301F-11D3-BF4B-00C04F79EFBC}") = "ConsoleApp", "ConsoleApp\ConsoleApp.csproj", "{342AD772-B176-4CB9-AD60-ED229729B749}"
EndProject
Project("{FAE04EC0-301F-11D3-BF4B-00C04F79EFBC}") = "ClassLib", "ClassLib\ClassLib.csproj", "{DBADF3B0-0F89-4E12-A4CD-8C0A44CA84B3}"
EndProject
Project("{FAE04EC0-301F-11D3-BF4B-00C04F79EFBC}") = "DataGenerator", "DataGenerator\DataGenerator.csproj", "{22B5D062-7C5E-449D-BB95-FF655223D914}"
EndProject
Project("{FAE04EC0-301F-11D3-BF4B-00C04F79EFBC}") = "RPC", "RPC\RPC.csproj", "{0A000A66-DD81-4C6C-BC6B-F7E3D17FF0A4}"
EndProject
Project("{FAE04EC0-301F-11D3-BF4B-00C04F79EFBC}") = "DataControl", "DataControl\DataControl.csproj", "{DC3FDB71-57D7-4446-9DF7-3EB9D97A28FF}"
EndProject
Project("{FAE04EC0-301F-11D3-BF4B-00C04F79EFBC}") = "Server", "Server\Server.csproj", "{2865FC3A-1E6C-42F1-8357-A0327B999CFC}"
EndProject
Global
	GlobalSection(SolutionConfigurationPlatforms) = preSolution
		Debug|Any CPU = Debug|Any CPU
		Debug|x64 = Debug|x64
		Debug|x86 = Debug|x86
		Release|Any CPU = Release|Any CPU
		Release|x64 = Release|x64
		Release|x86 = Release|x86
	EndGlobalSection
	GlobalSection(SolutionProperties) = preSolution
		HideSolutionNode = FALSE
	EndGlobalSection
	GlobalSection(ProjectConfigurationPlatforms) = postSolution
		{342AD772-B176-4CB9-AD60-ED229729B749}.Debug|Any CPU.ActiveCfg = Debug|Any CPU
		{342AD772-B176-4CB9-AD60-ED229729B749}.Debug|Any CPU.Build.0 = Debug|Any CPU
		{342AD772-B176-4CB9-AD60-ED229729B749}.Debug|x64.ActiveCfg = Debug|Any CPU
		{342AD772-B176-4CB9-AD60-ED229729B749}.Debug|x64.Build.0 = Debug|Any CPU
		{342AD772-B176-4CB9-AD60-ED229729B749}.Debug|x86.ActiveCfg = Debug|Any CPU
		{342AD772-B176-4CB9-AD60-ED229729B749}.Debug|x86.Build.0 = Debug|Any CPU
		{342AD772-B176-4CB9-AD60-ED229729B749}.Release|Any CPU.ActiveCfg = Release|Any CPU
		{342AD772-B176-4CB9-AD60-ED229729B749}.Release|Any CPU.Build.0 = Release|Any CPU
		{342AD772-B176-4CB9-AD60-ED229729B749}.Release|x64.ActiveCfg = Release|Any CPU
		{342AD772-B176-4CB9-AD60-ED229729B749}.Release|x64.Build.0 = Release|Any CPU
		{342AD772-B176-4CB9-AD60-ED229729B749}.Release|x86.ActiveCfg = Release|Any CPU
		{342AD772-B176-4CB9-AD60-ED229729B749}.Release|x86.Build.0 = Release|Any CPU
		{DBADF3B0-0F89-4E12-A4CD-8C0A44CA84B3}.Debug|Any CPU.ActiveCfg = Debug|Any CPU
		{DBADF3B0-0F89-4E12-A4CD-8C0A44CA84B3}.Debug|Any CPU.Build.0 = Debug|Any CPU
		{DBADF3B0-0F89-4E12-A4CD-8C0A44CA84B3}.Debug|x64.ActiveCfg = Debug|Any CPU
		{DBADF3B0-0F89-4E12-A4CD-8C0A44CA84B3}.Debug|x64.Build.0 = Debug|Any CPU
		{DBADF3B0-0F89-4E12-A4CD-8C0A44CA84B3}.Debug|x86.ActiveCfg = Debug|Any CPU
		{DBADF3B0-0F89-4E12-A4CD-8C0A44CA84B3}.Debug|x86.Build.0 = Debug|Any CPU
		{DBADF3B0-0F89-4E12-A4CD-8C0A44CA84B3}.Release|Any CPU.ActiveCfg = Release|Any CPU
		{DBADF3B0-0F89-4E12-A4CD-8C0A44CA84B3}.Release|Any CPU.Build.0 = Release|Any CPU
		{DBADF3B0-0F89-4E12-A4CD-8C0A44CA84B3}.Release|x64.ActiveCfg = Release|Any CPU
		{DBADF3B0-0F89-4E12-A4CD-8C0A44CA84B3}.Release|x64.Build.0 = Release|Any CPU
		{DBADF3B0-0F89-4E12-A4CD-8C0A44CA84B3}.Release|x86.ActiveCfg = Release|Any CPU
		{DBADF3B0-0F89-4E12-A4CD-8C0A44CA84B3}.Release|x86.Build.0 = Release|Any CPU
		{22B5D062-7C5E-449D-BB95-FF655223D914}.Debug|Any CPU.ActiveCfg = Debug|Any CPU
		{22B5D062-7C5E-449D-BB95-FF655223D914}.Debug|Any CPU.Build.0 = Debug|Any CPU
		{22B5D062-7C5E-449D-BB95-FF655223D914}.Debug|x64.ActiveCfg = Debug|Any CPU
		{22B5D062-7C5E-449D-BB95-FF655223D914}.Debug|x64.Build.0 = Debug|Any CPU
		{22B5D062-7C5E-449D-BB95-FF655223D914}.Debug|x86.ActiveCfg = Debug|Any CPU
		{22B5D062-7C5E-449D-BB95-FF655223D914}.Debug|x86.Build.0 = Debug|Any CPU
		{22B5D062-7C5E-449D-BB95-FF655223D914}.Release|Any CPU.ActiveCfg = Release|Any CPU
		{22B5D062-7C5E-449D-BB95-FF655223D914}.Release|Any CPU.Build.0 = Release|Any CPU
		{22B5D062-7C5E-449D-BB95-FF655223D914}.Release|x64.ActiveCfg = Release|Any CPU
		{22B5D062-7C5E-449D-BB95-FF655223D914}.Release|x64.Build.0 = Release|Any CPU
		{22B5D062-7C5E-449D-BB95-FF655223D914}.Release|x86.ActiveCfg = Release|Any CPU
		{22B5D062-7C5E-449D-BB95-FF655223D914}.Release|x86.Build.0 = Release|Any CPU
		{0A000A66-DD81-4C6C-BC6B-F7E3D17FF0A4}.Debug|Any CPU.ActiveCfg = Debug|Any CPU
		{0A000A66-DD81-4C6C-BC6B-F7E3D17FF0A4}.Debug|Any CPU.Build.0 = Debug|Any CPU
		{0A000A66-DD81-4C6C-BC6B-F7E3D17FF0A4}.Debug|x64.ActiveCfg = Debug|Any CPU
		{0A000A66-DD81-4C6C-BC6B-F7E3D17FF0A4}.Debug|x64.Build.0 = Debug|Any CPU
		{0A000A66-DD81-4C6C-BC6B-F7E3D17FF0A4}.Debug|x86.ActiveCfg = Debug|Any CPU
		{0A000A66-DD81-4C6C-BC6B-F7E3D17FF0A4}.Debug|x86.Build.0 = Debug|Any CPU
		{0A000A66-DD81-4C6C-BC6B-F7E3D17FF0A4}.Release|Any CPU.ActiveCfg = Release|Any CPU
		{0A000A66-DD81-4C6C-BC6B-F7E3D17FF0A4}.Release|Any CPU.Build.0 = Release|Any CPU
		{0A000A66-DD81-4C6C-BC6B-F7E3D17FF0A4}.Release|x64.ActiveCfg = Release|Any CPU
		{0A000A66-DD81-4C6C-BC6B-F7E3D17FF0A4}.Release|x64.Build.0 = Release|Any CPU
		{0A000A66-DD81-4C6C-BC6B-F7E3D17FF0A4}.Release|x86.ActiveCfg = Release|Any CPU
		{0A000A66-DD81-4C6C-BC6B-F7E3D17FF0A4}.Release|x86.Build.0 = Release|Any CPU
		{DC3FDB71-57D7-4446-9DF7-3EB9D97A28FF}.Debug|Any CPU.ActiveCfg = Debug|Any CPU
		{DC3FDB71-57D7-4446-9DF7-3EB9D97A28FF}.Debug|Any CPU.Build.0 = Debug|Any CPU
		{DC3FDB71-57D7-4446-9DF7-3EB9D97A28FF}.Debug|x64.ActiveCfg = Debug|Any CPU
		{DC3FDB71-57D7-4446-9DF7-3EB9D97A28FF}.Debug|x64.Build.0 = Debug|Any CPU
		{DC3FDB71-57D7-4446-9DF7-3EB9D97A28FF}.Debug|x86.ActiveCfg = Debug|Any CPU
		{DC3FDB71-57D7-4446-9DF7-3EB9D97A28FF}.Debug|x86.Build.0 = Debug|Any CPU
		{DC3FDB71-57D7-4446-9DF7-3EB9D97A28FF}.Release|Any CPU.ActiveCfg = Release|Any CPU
		{DC3FDB71-57D7-4446-9DF7-3EB9D97A28FF}.Release|Any CPU.Build.0 = Release|Any CPU
		{DC3FDB71-57D7-4446-9DF7-3EB9D97A28FF}.Release|x64.ActiveCfg = Release|Any CPU
		{DC3FDB71-57D7-4446-9DF7-3EB9D97A28FF}.Release|x64.Build.0 = Release|Any CPU
		{DC3FDB71-57D7-4446-9DF7-3EB9D97A28FF}.Release|x86.ActiveCfg = Release|Any CPU
		{DC3FDB71-57D7-4446-9DF7-3EB9D97A28FF}.Release|x86.Build.0 = Release|Any CPU
		{2865FC3A-1E6C-42F1-8357-A0327B999CFC}.Debug|Any CPU.ActiveCfg = Debug|Any CPU
		{2865FC3A-1E6C-42F1-8357-A0327B999CFC}.Debug|Any CPU.Build.0 = Debug|Any CPU
		{2865FC3A-1E6C-42F1-8357-A0327B999CFC}.Debug|x64.ActiveCfg = Debug|Any CPU
		{2865FC3A-1E6C-42F1-8357-A0327B999CFC}.Debug|x64.Build.0 = Debug|Any CPU
		{2865FC3A-1E6C-42F1-8357-A0327B999CFC}.Debug|x86.ActiveCfg = Debug|Any CPU
		{2865FC3A-1E6C-42F1-8357-A0327B999CFC}.Debug|x86.Build.0 = Debug|Any CPU
		{2865FC3A-1E6C-42F1-8357-A0327B999CFC}.Release|Any CPU.ActiveCfg = Release|Any CPU
		{2865FC3A-1E6C-42F1-8357-A0327B999CFC}.Release|Any CPU.Build.0 = Release|Any CPU
		{2865FC3A-1E6C-42F1-8357-A0327B999CFC}.Release|x64.ActiveCfg = Release|Any CPU
		{2865FC3A-1E6C-42F1-8357-A0327B999CFC}.Release|x64.Build.0 = Release|Any CPU
		{2865FC3A-1E6C-42F1-8357-A0327B999CFC}.Release|x86.ActiveCfg = Release|Any CPU
		{2865FC3A-1E6C-42F1-8357-A0327B999CFC}.Release|x86.Build.0 = Release|Any CPU
	EndGlobalSection
EndGlobal
